
Microsoft Visual Studio Solution File, Format Version 12.00
# Visual Studio Version 16
VisualStudioVersion = 16.0.31702.278
MinimumVisualStudioVersion = 10.0.40219.1
Project("{FAE04EC0-301F-11D3-BF4B-00C04F79EFBC}") = "rpg game", "rpg game\rpg game.csproj", "{450FA5F0-5FA9-4878-8E90-5FC845659FE1}"
EndProject
Global
	GlobalSection(SolutionConfigurationPlatforms) = preSolution
		Debug|Any CPU = Debug|Any CPU
		Release|Any CPU = Release|Any CPU
	EndGlobalSection
	GlobalSection(ProjectConfigurationPlatforms) = postSolution
		{450FA5F0-5FA9-4878-8E90-5FC845659FE1}.Debug|Any CPU.ActiveCfg = Debug|Any CPU
		{450FA5F0-5FA9-4878-8E90-5FC845659FE1}.Debug|Any CPU.Build.0 = Debug|Any CPU
		{450FA5F0-5FA9-4878-8E90-5FC845659FE1}.Release|Any CPU.ActiveCfg = Release|Any CPU
		{450FA5F0-5FA9-4878-8E90-5FC845659FE1}.Release|Any CPU.Build.0 = Release|Any CPU
	EndGlobalSection
	GlobalSection(SolutionProperties) = preSolution
		HideSolutionNode = FALSE
	EndGlobalSection
	GlobalSection(ExtensibilityGlobals) = postSolution
		SolutionGuid = {74D73A19-557E-4EF6-ADB0-6EC037E26397}
	EndGlobalSection
EndGlobal
